# @generated - this file is auto-generated by `mise lock` https://mise.en.dev/dev-tools/mise-lock.html

[[tools."github:aldanial/cloc"]]
version = "2.08"
backend = "github:aldanial/cloc"

[tools."github:aldanial/cloc"."platforms.linux-arm64"]
checksum = "sha256:ce3c86d1edb448728278079eff6d99687477b3c1fe84b2f1a4dc14cfb2f811dc"
url = "https://github.com/AlDanial/cloc/releases/download/v2.08/cloc-2.08.tar.gz"
url_api = "https://api.github.com/repos/AlDanial/cloc/releases/assets/345456081"

[tools."github:aldanial/cloc"."platforms.linux-arm64-musl"]
checksum = "sha256:ce3c86d1edb448728278079eff6d99687477b3c1fe84b2f1a4dc14cfb2f811dc"
url = "https://github.com/AlDanial/cloc/releases/download/v2.08/cloc-2.08.tar.gz"
url_api = "https://api.github.com/repos/AlDanial/cloc/releases/assets/345456081"

[tools."github:aldanial/cloc"."platforms.linux-x64"]
checksum = "sha256:ce3c86d1edb448728278079eff6d99687477b3c1fe84b2f1a4dc14cfb2f811dc"
url = "https://github.com/AlDanial/cloc/releases/download/v2.08/cloc-2.08.tar.gz"
url_api = "https://api.github.com/repos/AlDanial/cloc/releases/assets/345456081"

[tools."github:aldanial/cloc"."platforms.linux-x64-musl"]
checksum = "sha256:ce3c86d1edb448728278079eff6d99687477b3c1fe84b2f1a4dc14cfb2f811dc"
url = "https://github.com/AlDanial/cloc/releases/download/v2.08/cloc-2.08.tar.gz"
url_api = "https://api.github.com/repos/AlDanial/cloc/releases/assets/345456081"

[tools."github:aldanial/cloc"."platforms.macos-arm64"]
checksum = "sha256:ce3c86d1edb448728278079eff6d99687477b3c1fe84b2f1a4dc14cfb2f811dc"
url = "https://github.com/AlDanial/cloc/releases/download/v2.08/cloc-2.08.tar.gz"
url_api = "https://api.github.com/repos/AlDanial/cloc/releases/assets/345456081"

[tools."github:aldanial/cloc"."platforms.macos-x64"]
checksum = "sha256:ce3c86d1edb448728278079eff6d99687477b3c1fe84b2f1a4dc14cfb2f811dc"
url = "https://github.com/AlDanial/cloc/releases/download/v2.08/cloc-2.08.tar.gz"
url_api = "https://api.github.com/repos/AlDanial/cloc/releases/assets/345456081"

[tools."github:aldanial/cloc"."platforms.windows-x64"]
checksum = "sha256:ce3c86d1edb448728278079eff6d99687477b3c1fe84b2f1a4dc14cfb2f811dc"
url = "https://github.com/AlDanial/cloc/releases/download/v2.08/cloc-2.08.tar.gz"
url_api = "https://api.github.com/repos/AlDanial/cloc/releases/assets/345456081"

[[tools.gitleaks]]
version = "8.30.1"
backend = "aqua:gitleaks/gitleaks"

[tools.gitleaks."platforms.linux-arm64"]
checksum = "sha256:e4a487ee7ccd7d3a7f7ec08657610aa3606637dab924210b3aee62570fb4b080"
url = "https://github.com/gitleaks/gitleaks/releases/download/v8.30.1/gitleaks_8.30.1_linux_arm64.tar.gz"

[tools.gitleaks."platforms.linux-arm64-musl"]
checksum = "sha256:e4a487ee7ccd7d3a7f7ec08657610aa3606637dab924210b3aee62570fb4b080"
url = "https://github.com/gitleaks/gitleaks/releases/download/v8.30.1/gitleaks_8.30.1_linux_arm64.tar.gz"

[tools.gitleaks."platforms.linux-x64"]
checksum = "sha256:551f6fc83ea457d62a0d98237cbad105af8d557003051f41f3e7ca7b3f2470eb"
url = "https://github.com/gitleaks/gitleaks/releases/download/v8.30.1/gitleaks_8.30.1_linux_x64.tar.gz"

[tools.gitleaks."platforms.linux-x64-musl"]
checksum = "sha256:551f6fc83ea457d62a0d98237cbad105af8d557003051f41f3e7ca7b3f2470eb"
url = "https://github.com/gitleaks/gitleaks/releases/download/v8.30.1/gitleaks_8.30.1_linux_x64.tar.gz"

[tools.gitleaks."platforms.macos-arm64"]
checksum = "sha256:b40ab0ae55c505963e365f271a8d3846efbc170aa17f2607f13df610a9aeb6a5"
url = "https://github.com/gitleaks/gitleaks/releases/download/v8.30.1/gitleaks_8.30.1_darwin_arm64.tar.gz"

[tools.gitleaks."platforms.macos-x64"]
checksum = "sha256:dfe101a4db2255fc85120ac7f3d25e4342c3c20cf749f2c20a18081af1952709"
url = "https://github.com/gitleaks/gitleaks/releases/download/v8.30.1/gitleaks_8.30.1_darwin_x64.tar.gz"

[tools.gitleaks."platforms.windows-x64"]
checksum = "sha256:d29144deff3a68aa93ced33dddf84b7fdc26070add4aa0f4513094c8332afc4e"
url = "https://github.com/gitleaks/gitleaks/releases/download/v8.30.1/gitleaks_8.30.1_windows_x64.zip"

[[tools.go]]
version = "1.26.3"
backend = "core:go"

[tools.go."platforms.linux-arm64"]
checksum = "sha256:9d89a3ea57d141c2b22d70083f2c8459ba3890f2d9e818e7e933b75614936565"
url = "https://dl.google.com/go/go1.26.3.linux-arm64.tar.gz"

[tools.go."platforms.linux-arm64-musl"]
checksum = "sha256:9d89a3ea57d141c2b22d70083f2c8459ba3890f2d9e818e7e933b75614936565"
url = "https://dl.google.com/go/go1.26.3.linux-arm64.tar.gz"

[tools.go."platforms.linux-x64"]
checksum = "sha256:2b2cfc7148493da5e73981bffbf3353af381d5f93e789c82c79aff64962eb556"
url = "https://dl.google.com/go/go1.26.3.linux-amd64.tar.gz"

[tools.go."platforms.linux-x64-musl"]
checksum = "sha256:2b2cfc7148493da5e73981bffbf3353af381d5f93e789c82c79aff64962eb556"
url = "https://dl.google.com/go/go1.26.3.linux-amd64.tar.gz"

[tools.go."platforms.macos-arm64"]
checksum = "sha256:875cf54a15311eee2c99b9dd67c68c4a49351d489ab622bf2cfd28c8f2078d3c"
url = "https://dl.google.com/go/go1.26.3.darwin-arm64.tar.gz"

[tools.go."platforms.macos-x64"]
checksum = "sha256:278d580b32e299fe4a9c990fcf2d02acfe538c7e551a6ee18f9c7164573d2c63"
url = "https://dl.google.com/go/go1.26.3.darwin-amd64.tar.gz"

[tools.go."platforms.windows-x64"]
checksum = "sha256:20d2ceafb4ed41b96b879010927b28bc92a5be57a7c1801ce365a9ca51d3224a"
url = "https://dl.google.com/go/go1.26.3.windows-amd64.zip"

[[tools.goreleaser]]
version = "2.15.4"
backend = "aqua:goreleaser/goreleaser"

[tools.goreleaser."platforms.linux-arm64"]
checksum = "sha256:de01ca1497571e9b348413cd2e7f74be49b8d57696ae386f7eedd06176544a88"
url = "https://github.com/goreleaser/goreleaser/releases/download/v2.15.4/goreleaser_Linux_arm64.tar.gz"
provenance = "github-attestations"

[tools.goreleaser."platforms.linux-arm64-musl"]
checksum = "sha256:de01ca1497571e9b348413cd2e7f74be49b8d57696ae386f7eedd06176544a88"
url = "https://github.com/goreleaser/goreleaser/releases/download/v2.15.4/goreleaser_Linux_arm64.tar.gz"
provenance = "github-attestations"

[tools.goreleaser."platforms.linux-x64"]
checksum = "sha256:aae00c71a4a6d55e08cce9273a1516bdce33c1e07cffb7e502fa6fec4377dede"
url = "https://github.com/goreleaser/goreleaser/releases/download/v2.15.4/goreleaser_Linux_x86_64.tar.gz"
provenance = "github-attestations"

[tools.goreleaser."platforms.linux-x64-musl"]
checksum = "sha256:aae00c71a4a6d55e08cce9273a1516bdce33c1e07cffb7e502fa6fec4377dede"
url = "https://github.com/goreleaser/goreleaser/releases/download/v2.15.4/goreleaser_Linux_x86_64.tar.gz"
provenance = "github-attestations"

[tools.goreleaser."platforms.macos-arm64"]
checksum = "sha256:82d730f3366350c90d7e5df3cf9e8e425fd1c84bf7d7e3e564f92d97c5ea9ea4"
url = "https://github.com/goreleaser/goreleaser/releases/download/v2.15.4/goreleaser_Darwin_all.tar.gz"
provenance = "github-attestations"

[tools.goreleaser."platforms.macos-x64"]
checksum = "sha256:82d730f3366350c90d7e5df3cf9e8e425fd1c84bf7d7e3e564f92d97c5ea9ea4"
url = "https://github.com/goreleaser/goreleaser/releases/download/v2.15.4/goreleaser_Darwin_all.tar.gz"
provenance = "github-attestations"

[tools.goreleaser."platforms.windows-x64"]
checksum = "sha256:146695f49717dfd79d64d5d6f4b1d25e2b56d73e723bbf68a8dc13ce5cf69693"
url = "https://github.com/goreleaser/goreleaser/releases/download/v2.15.4/goreleaser_Windows_x86_64.zip"
provenance = "github-attestations"

[[tools.hk]]
version = "1.45.0"
backend = "aqua:jdx/hk"

[tools.hk."platforms.linux-arm64"]
checksum = "sha256:22293f9c742f0def32299689022891ced7c5c9d5024c91afd33a83e6f714686c"
url = "https://github.com/jdx/hk/releases/download/v1.45.0/hk-aarch64-unknown-linux-gnu.tar.gz"

[tools.hk."platforms.linux-arm64-musl"]
checksum = "sha256:81b64f76df8a399f926a4158bfcbef0fa28dcd60b40799b9474ca2ab21d89c02"
url = "https://github.com/jdx/hk/releases/download/v1.45.0/hk-aarch64-unknown-linux-musl.tar.gz"

[tools.hk."platforms.linux-x64"]
checksum = "sha256:47a3338403f689cc295d36213cfede4e1098c335d18064416ea9ac2b9739c148"
url = "https://github.com/jdx/hk/releases/download/v1.45.0/hk-x86_64-unknown-linux-gnu.tar.gz"

[tools.hk."platforms.linux-x64-musl"]
checksum = "sha256:afdb201d251f35615f00f3880daa5a4e97d7948304473c259245a7123c0fedcf"
url = "https://github.com/jdx/hk/releases/download/v1.45.0/hk-x86_64-unknown-linux-musl.tar.gz"

[tools.hk."platforms.macos-arm64"]
checksum = "sha256:17bd1d9eccbfc894c4b0191871a964dc67df80c1bfbee072e5c12d4bb893a8a6"
url = "https://github.com/jdx/hk/releases/download/v1.45.0/hk-aarch64-apple-darwin.tar.gz"

[tools.hk."platforms.windows-x64"]
checksum = "sha256:94c7c460d05748524a96583b656e8dec31a11a30ce6a997b9a5b5d8ec4d1b7e7"
url = "https://github.com/jdx/hk/releases/download/v1.45.0/hk-x86_64-pc-windows-msvc.zip"
